
Microsoft Visual Studio Solution File, Format Version 12.00
# Visual Studio 2017
Project("{FAE04EC0-301F-11D3-BF4B-00C04F79EFBC}") = "Halcyon", "Halcyon.csproj", "{EB256AC9-90A0-7AFB-84A2-3B1637E605AE}"
EndProject
Global
	GlobalSection(SolutionConfigurationPlatforms) = preSolution
		Debug|Any CPU = Debug|Any CPU
		Release|Any CPU = Release|Any CPU
	EndGlobalSection
	GlobalSection(ProjectConfigurationPlatforms) = postSolution
		{EB256AC9-90A0-7AFB-84A2-3B1637E605AE}.Debug|Any CPU.ActiveCfg = Debug|Any CPU
		{EB256AC9-90A0-7AFB-84A2-3B1637E605AE}.Debug|Any CPU.Build.0 = Debug|Any CPU
		{EB256AC9-90A0-7AFB-84A2-3B1637E605AE}.Release|Any CPU.ActiveCfg = Release|Any CPU
		{EB256AC9-90A0-7AFB-84A2-3B1637E605AE}.Release|Any CPU.Build.0 = Release|Any CPU
	EndGlobalSection
	GlobalSection(SolutionProperties) = preSolution
		HideSolutionNode = FALSE
	EndGlobalSection
EndGlobal
